
Microsoft Visual Studio Solution File, Format Version 12.00
# Visual Studio Version 16
VisualStudioVersion = 16.0.31019.35
MinimumVisualStudioVersion = 10.0.40219.1
Project("{9A19103F-16F7-4668-BE54-9A1E7A4F7556}") = "Ebank", "Ebank\Ebank.csproj", "{DEC09E2A-A1AE-448B-9212-CA785946AEA7}"
EndProject
Project("{FAE04EC0-301F-11D3-BF4B-00C04F79EFBC}") = "Ebank.Test", "Ebank.Test\Ebank.Test.csproj", "{74713ADC-D286-4922-B28A-EE74517B053E}"
EndProject
Global
	GlobalSection(SolutionConfigurationPlatforms) = preSolution
		Debug|Any CPU = Debug|Any CPU
		Release|Any CPU = Release|Any CPU
	EndGlobalSection
	GlobalSection(ProjectConfigurationPlatforms) = postSolution
		{DEC09E2A-A1AE-448B-9212-CA785946AEA7}.Debug|Any CPU.ActiveCfg = Debug|Any CPU
		{DEC09E2A-A1AE-448B-9212-CA785946AEA7}.Debug|Any CPU.Build.0 = Debug|Any CPU
		{DEC09E2A-A1AE-448B-9212-CA785946AEA7}.Release|Any CPU.ActiveCfg = Release|Any CPU
		{DEC09E2A-A1AE-448B-9212-CA785946AEA7}.Release|Any CPU.Build.0 = Release|Any CPU
		{74713ADC-D286-4922-B28A-EE74517B053E}.Debug|Any CPU.ActiveCfg = Debug|Any CPU
		{74713ADC-D286-4922-B28A-EE74517B053E}.Debug|Any CPU.Build.0 = Debug|Any CPU
		{74713ADC-D286-4922-B28A-EE74517B053E}.Release|Any CPU.ActiveCfg = Release|Any CPU
		{74713ADC-D286-4922-B28A-EE74517B053E}.Release|Any CPU.Build.0 = Release|Any CPU
	EndGlobalSection
	GlobalSection(SolutionProperties) = preSolution
		HideSolutionNode = FALSE
	EndGlobalSection
	GlobalSection(ExtensibilityGlobals) = postSolution
		SolutionGuid = {E7036F17-09BF-4763-B74A-4F2083E456A8}
	EndGlobalSection
EndGlobal
